
Microsoft Visual Studio Solution File, Format Version 12.00
# Visual Studio Version 16
VisualStudioVersion = 16.0.32602.291
MinimumVisualStudioVersion = 10.0.40219.1
Project("{FAE04EC0-301F-11D3-BF4B-00C04F79EFBC}") = "NonGenericHashTable", "NonGenericHashTable\NonGenericHashTable.csproj", "{D6AFBC84-6C7C-4E63-8C0D-BE3EAEBFAAFB}"
EndProject
Global
	GlobalSection(SolutionConfigurationPlatforms) = preSolution
		Debug|Any CPU = Debug|Any CPU
		Release|Any CPU = Release|Any CPU
	EndGlobalSection
	GlobalSection(ProjectConfigurationPlatforms) = postSolution
		{D6AFBC84-6C7C-4E63-8C0D-BE3EAEBFAAFB}.Debug|Any CPU.ActiveCfg = Debug|Any CPU
		{D6AFBC84-6C7C-4E63-8C0D-BE3EAEBFAAFB}.Debug|Any CPU.Build.0 = Debug|Any CPU
		{D6AFBC84-6C7C-4E63-8C0D-BE3EAEBFAAFB}.Release|Any CPU.ActiveCfg = Release|Any CPU
		{D6AFBC84-6C7C-4E63-8C0D-BE3EAEBFAAFB}.Release|Any CPU.Build.0 = Release|Any CPU
	EndGlobalSection
	GlobalSection(SolutionProperties) = preSolution
		HideSolutionNode = FALSE
	EndGlobalSection
	GlobalSection(ExtensibilityGlobals) = postSolution
		SolutionGuid = {17FE8FD1-5D20-4233-B066-E801C9906242}
	EndGlobalSection
EndGlobal
