
Microsoft Visual Studio Solution File, Format Version 12.00
# Visual Studio Version 16
VisualStudioVersion = 16.0.32602.291
MinimumVisualStudioVersion = 10.0.40219.1
Project("{FAE04EC0-301F-11D3-BF4B-00C04F79EFBC}") = "AnonymousMethodParameter", "AnonymousMethodParameter\AnonymousMethodParameter.csproj", "{3E2826EC-E965-4CD1-9CD0-16DC9D79886B}"
EndProject
Global
	GlobalSection(SolutionConfigurationPlatforms) = preSolution
		Debug|Any CPU = Debug|Any CPU
		Release|Any CPU = Release|Any CPU
	EndGlobalSection
	GlobalSection(ProjectConfigurationPlatforms) = postSolution
		{3E2826EC-E965-4CD1-9CD0-16DC9D79886B}.Debug|Any CPU.ActiveCfg = Debug|Any CPU
		{3E2826EC-E965-4CD1-9CD0-16DC9D79886B}.Debug|Any CPU.Build.0 = Debug|Any CPU
		{3E2826EC-E965-4CD1-9CD0-16DC9D79886B}.Release|Any CPU.ActiveCfg = Release|Any CPU
		{3E2826EC-E965-4CD1-9CD0-16DC9D79886B}.Release|Any CPU.Build.0 = Release|Any CPU
	EndGlobalSection
	GlobalSection(SolutionProperties) = preSolution
		HideSolutionNode = FALSE
	EndGlobalSection
	GlobalSection(ExtensibilityGlobals) = postSolution
		SolutionGuid = {A5A5F29E-2E6B-49C6-A972-00E32243937C}
	EndGlobalSection
EndGlobal
