
Microsoft Visual Studio Solution File, Format Version 12.00
# Visual Studio Version 16
VisualStudioVersion = 16.0.32602.291
MinimumVisualStudioVersion = 10.0.40219.1
Project("{FAE04EC0-301F-11D3-BF4B-00C04F79EFBC}") = "ConsoleApp1", "ConsoleApp1\ConsoleApp1.csproj", "{A5FDEC9A-03EF-4244-B859-79B36A880058}"
EndProject
Global
	GlobalSection(SolutionConfigurationPlatforms) = preSolution
		Debug|Any CPU = Debug|Any CPU
		Release|Any CPU = Release|Any CPU
	EndGlobalSection
	GlobalSection(ProjectConfigurationPlatforms) = postSolution
		{A5FDEC9A-03EF-4244-B859-79B36A880058}.Debug|Any CPU.ActiveCfg = Debug|Any CPU
		{A5FDEC9A-03EF-4244-B859-79B36A880058}.Debug|Any CPU.Build.0 = Debug|Any CPU
		{A5FDEC9A-03EF-4244-B859-79B36A880058}.Release|Any CPU.ActiveCfg = Release|Any CPU
		{A5FDEC9A-03EF-4244-B859-79B36A880058}.Release|Any CPU.Build.0 = Release|Any CPU
	EndGlobalSection
	GlobalSection(SolutionProperties) = preSolution
		HideSolutionNode = FALSE
	EndGlobalSection
	GlobalSection(ExtensibilityGlobals) = postSolution
		SolutionGuid = {4A8473EC-42C2-4445-B28C-A09160E929E7}
	EndGlobalSection
EndGlobal
