
Microsoft Visual Studio Solution File, Format Version 12.00
# Visual Studio Version 16
VisualStudioVersion = 16.0.32602.291
MinimumVisualStudioVersion = 10.0.40219.1
Project("{FAE04EC0-301F-11D3-BF4B-00C04F79EFBC}") = "NonGenericArrayList", "NonGenericArrayList\NonGenericArrayList.csproj", "{87D97C85-AA06-43DA-BB07-2894B61370D3}"
EndProject
Global
	GlobalSection(SolutionConfigurationPlatforms) = preSolution
		Debug|Any CPU = Debug|Any CPU
		Release|Any CPU = Release|Any CPU
	EndGlobalSection
	GlobalSection(ProjectConfigurationPlatforms) = postSolution
		{87D97C85-AA06-43DA-BB07-2894B61370D3}.Debug|Any CPU.ActiveCfg = Debug|Any CPU
		{87D97C85-AA06-43DA-BB07-2894B61370D3}.Debug|Any CPU.Build.0 = Debug|Any CPU
		{87D97C85-AA06-43DA-BB07-2894B61370D3}.Release|Any CPU.ActiveCfg = Release|Any CPU
		{87D97C85-AA06-43DA-BB07-2894B61370D3}.Release|Any CPU.Build.0 = Release|Any CPU
	EndGlobalSection
	GlobalSection(SolutionProperties) = preSolution
		HideSolutionNode = FALSE
	EndGlobalSection
	GlobalSection(ExtensibilityGlobals) = postSolution
		SolutionGuid = {E56E0511-9DC6-459F-BE25-EF0B03253607}
	EndGlobalSection
EndGlobal
