
Microsoft Visual Studio Solution File, Format Version 12.00
# Visual Studio Version 16
VisualStudioVersion = 16.0.32602.291
MinimumVisualStudioVersion = 10.0.40219.1
Project("{FAE04EC0-301F-11D3-BF4B-00C04F79EFBC}") = "OOPsAssessment", "OOPsAssessment\OOPsAssessment.csproj", "{36663DB6-5AEA-4C5C-84CF-BEB61F3E600C}"
EndProject
Global
	GlobalSection(SolutionConfigurationPlatforms) = preSolution
		Debug|Any CPU = Debug|Any CPU
		Release|Any CPU = Release|Any CPU
	EndGlobalSection
	GlobalSection(ProjectConfigurationPlatforms) = postSolution
		{36663DB6-5AEA-4C5C-84CF-BEB61F3E600C}.Debug|Any CPU.ActiveCfg = Debug|Any CPU
		{36663DB6-5AEA-4C5C-84CF-BEB61F3E600C}.Debug|Any CPU.Build.0 = Debug|Any CPU
		{36663DB6-5AEA-4C5C-84CF-BEB61F3E600C}.Release|Any CPU.ActiveCfg = Release|Any CPU
		{36663DB6-5AEA-4C5C-84CF-BEB61F3E600C}.Release|Any CPU.Build.0 = Release|Any CPU
	EndGlobalSection
	GlobalSection(SolutionProperties) = preSolution
		HideSolutionNode = FALSE
	EndGlobalSection
	GlobalSection(ExtensibilityGlobals) = postSolution
		SolutionGuid = {974771B7-75C3-4024-8236-D4E96A648030}
	EndGlobalSection
EndGlobal
