
Microsoft Visual Studio Solution File, Format Version 12.00
# Visual Studio Version 16
VisualStudioVersion = 16.0.32602.291
MinimumVisualStudioVersion = 10.0.40219.1
Project("{FAE04EC0-301F-11D3-BF4B-00C04F79EFBC}") = "NonGenericStack", "NonGenericStack\NonGenericStack.csproj", "{55B018F5-7FB3-447C-B159-F28E17B9F14D}"
EndProject
Global
	GlobalSection(SolutionConfigurationPlatforms) = preSolution
		Debug|Any CPU = Debug|Any CPU
		Release|Any CPU = Release|Any CPU
	EndGlobalSection
	GlobalSection(ProjectConfigurationPlatforms) = postSolution
		{55B018F5-7FB3-447C-B159-F28E17B9F14D}.Debug|Any CPU.ActiveCfg = Debug|Any CPU
		{55B018F5-7FB3-447C-B159-F28E17B9F14D}.Debug|Any CPU.Build.0 = Debug|Any CPU
		{55B018F5-7FB3-447C-B159-F28E17B9F14D}.Release|Any CPU.ActiveCfg = Release|Any CPU
		{55B018F5-7FB3-447C-B159-F28E17B9F14D}.Release|Any CPU.Build.0 = Release|Any CPU
	EndGlobalSection
	GlobalSection(SolutionProperties) = preSolution
		HideSolutionNode = FALSE
	EndGlobalSection
	GlobalSection(ExtensibilityGlobals) = postSolution
		SolutionGuid = {FEE82A69-4D1C-4505-BA26-1999685D049D}
	EndGlobalSection
EndGlobal
