
Microsoft Visual Studio Solution File, Format Version 12.00
# Visual Studio Version 16
VisualStudioVersion = 16.0.32602.291
MinimumVisualStudioVersion = 10.0.40219.1
Project("{FAE04EC0-301F-11D3-BF4B-00C04F79EFBC}") = "operator_overloading", "operator_overloading\operator_overloading.csproj", "{14471A9A-F81B-40F3-AAC7-A09D7C94E0A7}"
EndProject
Global
	GlobalSection(SolutionConfigurationPlatforms) = preSolution
		Debug|Any CPU = Debug|Any CPU
		Release|Any CPU = Release|Any CPU
	EndGlobalSection
	GlobalSection(ProjectConfigurationPlatforms) = postSolution
		{14471A9A-F81B-40F3-AAC7-A09D7C94E0A7}.Debug|Any CPU.ActiveCfg = Debug|Any CPU
		{14471A9A-F81B-40F3-AAC7-A09D7C94E0A7}.Debug|Any CPU.Build.0 = Debug|Any CPU
		{14471A9A-F81B-40F3-AAC7-A09D7C94E0A7}.Release|Any CPU.ActiveCfg = Release|Any CPU
		{14471A9A-F81B-40F3-AAC7-A09D7C94E0A7}.Release|Any CPU.Build.0 = Release|Any CPU
	EndGlobalSection
	GlobalSection(SolutionProperties) = preSolution
		HideSolutionNode = FALSE
	EndGlobalSection
	GlobalSection(ExtensibilityGlobals) = postSolution
		SolutionGuid = {2DD2D56B-CCF8-47B3-B2C0-9E1C56EFF446}
	EndGlobalSection
EndGlobal
